
Microsoft Visual Studio Solution File, Format Version 12.00
# Visual Studio 15
VisualStudioVersion = 15.0.28307.489
MinimumVisualStudioVersion = 10.0.40219.1
Project("{FAE04EC0-301F-11D3-BF4B-00C04F79EFBC}") = "ConsoleCalculator", "ConsoleCalculator\ConsoleCalculator.csproj", "{FB7B5CED-BBD1-46B4-AE4D-823F969475B7}"
EndProject
Project("{FAE04EC0-301F-11D3-BF4B-00C04F79EFBC}") = "CalculatorUnitTests", "CalculatorUnitTests\CalculatorUnitTests.csproj", "{E67E1DEB-FCE6-44FF-88B6-0B3D12562999}"
EndProject
Global
	GlobalSection(SolutionConfigurationPlatforms) = preSolution
		Debug|Any CPU = Debug|Any CPU
		Release|Any CPU = Release|Any CPU
	EndGlobalSection
	GlobalSection(ProjectConfigurationPlatforms) = postSolution
		{FB7B5CED-BBD1-46B4-AE4D-823F969475B7}.Debug|Any CPU.ActiveCfg = Debug|Any CPU
		{FB7B5CED-BBD1-46B4-AE4D-823F969475B7}.Debug|Any CPU.Build.0 = Debug|Any CPU
		{FB7B5CED-BBD1-46B4-AE4D-823F969475B7}.Release|Any CPU.ActiveCfg = Release|Any CPU
		{FB7B5CED-BBD1-46B4-AE4D-823F969475B7}.Release|Any CPU.Build.0 = Release|Any CPU
		{E67E1DEB-FCE6-44FF-88B6-0B3D12562999}.Debug|Any CPU.ActiveCfg = Debug|Any CPU
		{E67E1DEB-FCE6-44FF-88B6-0B3D12562999}.Debug|Any CPU.Build.0 = Debug|Any CPU
		{E67E1DEB-FCE6-44FF-88B6-0B3D12562999}.Release|Any CPU.ActiveCfg = Release|Any CPU
		{E67E1DEB-FCE6-44FF-88B6-0B3D12562999}.Release|Any CPU.Build.0 = Release|Any CPU
	EndGlobalSection
	GlobalSection(SolutionProperties) = preSolution
		HideSolutionNode = FALSE
	EndGlobalSection
	GlobalSection(ExtensibilityGlobals) = postSolution
		SolutionGuid = {F94F43FE-A270-4C5A-863D-B2F33B4EC8C1}
	EndGlobalSection
EndGlobal
